// !$*UTF8*$!
{
	archiveVersion = 1;
	classes = {
	};
	objectVersion = 46;
	objects = {

/* Begin PBXBuildFile section */
		DA3719851F01F0B200B08FEF /* OneAViewController.m in Sources */ = {isa = PBXBuildFile; fileRef = DA3719801F01F0B200B08FEF /* OneAViewController.m */; };
		DA3719861F01F0B200B08FEF /* Person.m in Sources */ = {isa = PBXBuildFile; fileRef = DA3719831F01F0B200B08FEF /* Person.m */; };
		DA3719911F01F2E600B08FEF /* head_icon_1@2x.png in Resources */ = {isa = PBXBuildFile; fileRef = DA37197D1F01F0B200B08FEF /* head_icon_1@2x.png */; };
		DA3719921F01F2E600B08FEF /* head_icon_2@2x.png in Resources */ = {isa = PBXBuildFile; fileRef = DA37197E1F01F0B200B08FEF /* head_icon_2@2x.png */; };
		DA3719931F01F2E600B08FEF /* Oneicon.xcassets in Resources */ = {isa = PBXBuildFile; fileRef = DA3719811F01F0B200B08FEF /* Oneicon.xcassets */; };
		DA3719941F01F2E600B08FEF /* XcOne.storyboard in Resources */ = {isa = PBXBuildFile; fileRef = DA3719841F01F0B200B08FEF /* XcOne.storyboard */; };
/* End PBXBuildFile section */

/* Begin PBXCopyFilesBuildPhase section */
		DA37196F1F01EEF600B08FEF /* CopyFiles */ = {
			isa = PBXCopyFilesBuildPhase;
			buildActionMask = 2147483647;
			dstPath = "include/$(PRODUCT_NAME)";
			dstSubfolderSpec = 16;
			files = (
			);
			runOnlyForDeploymentPostprocessing = 0;
		};
/* End PBXCopyFilesBuildPhase section */

/* Begin PBXFileReference section */
		DA3719711F01EEF600B08FEF /* libpage.a */ = {isa = PBXFileReference; explicitFileType = archive.ar; includeInIndex = 0; path = libpage.a; sourceTree = BUILT_PRODUCTS_DIR; };
		DA37197D1F01F0B200B08FEF /* head_icon_1@2x.png */ = {isa = PBXFileReference; lastKnownFileType = image.png; path = "head_icon_1@2x.png"; sourceTree = "<group>"; };
		DA37197E1F01F0B200B08FEF /* head_icon_2@2x.png */ = {isa = PBXFileReference; lastKnownFileType = image.png; path = "head_icon_2@2x.png"; sourceTree = "<group>"; };
		DA37197F1F01F0B200B08FEF /* OneAViewController.h */ = {isa = PBXFileReference; fileEncoding = 4; lastKnownFileType = sourcecode.c.h; path = OneAViewController.h; sourceTree = "<group>"; };
		DA3719801F01F0B200B08FEF /* OneAViewController.m */ = {isa = PBXFileReference; fileEncoding = 4; lastKnownFileType = sourcecode.c.objc; path = OneAViewController.m; sourceTree = "<group>"; };
		DA3719811F01F0B200B08FEF /* Oneicon.xcassets */ = {isa = PBXFileReference; lastKnownFileType = folder.assetcatalog; path = Oneicon.xcassets; sourceTree = "<group>"; };
		DA3719821F01F0B200B08FEF /* Person.h */ = {isa = PBXFileReference; fileEncoding = 4; lastKnownFileType = sourcecode.c.h; path = Person.h; sourceTree = "<group>"; };
		DA3719831F01F0B200B08FEF /* Person.m */ = {isa = PBXFileReference; fileEncoding = 4; lastKnownFileType = sourcecode.c.objc; path = Person.m; sourceTree = "<group>"; };
		DA3719841F01F0B200B08FEF /* XcOne.storyboard */ = {isa = PBXFileReference; fileEncoding = 4; lastKnownFileType = file.storyboard; path = XcOne.storyboard; sourceTree = "<group>"; };
		DA37198B1F01F16900B08FEF /* Source.bundle */ = {isa = PBXFileReference; explicitFileType = wrapper.cfbundle; includeInIndex = 0; path = Source.bundle; sourceTree = BUILT_PRODUCTS_DIR; };
		DA37198D1F01F16A00B08FEF /* Info.plist */ = {isa = PBXFileReference; lastKnownFileType = text.plist.xml; path = Info.plist; sourceTree = "<group>"; };
/* End PBXFileReference section */

/* Begin PBXFrameworksBuildPhase section */
		DA37196E1F01EEF600B08FEF /* Frameworks */ = {
			isa = PBXFrameworksBuildPhase;
			buildActionMask = 2147483647;
			files = (
			);
			runOnlyForDeploymentPostprocessing = 0;
		};
		DA3719881F01F16900B08FEF /* Frameworks */ = {
			isa = PBXFrameworksBuildPhase;
			buildActionMask = 2147483647;
			files = (
			);
			runOnlyForDeploymentPostprocessing = 0;
		};
/* End PBXFrameworksBuildPhase section */

/* Begin PBXGroup section */
		DA3719681F01EEF600B08FEF = {
			isa = PBXGroup;
			children = (
				DA3719731F01EEF600B08FEF /* page */,
				DA37198C1F01F16A00B08FEF /* Source */,
				DA3719721F01EEF600B08FEF /* Products */,
			);
			sourceTree = "<group>";
		};
		DA3719721F01EEF600B08FEF /* Products */ = {
			isa = PBXGroup;
			children = (
				DA3719711F01EEF600B08FEF /* libpage.a */,
				DA37198B1F01F16900B08FEF /* Source.bundle */,
			);
			name = Products;
			sourceTree = "<group>";
		};
		DA3719731F01EEF600B08FEF /* page */ = {
			isa = PBXGroup;
			children = (
				DA37197D1F01F0B200B08FEF /* head_icon_1@2x.png */,
				DA37197E1F01F0B200B08FEF /* head_icon_2@2x.png */,
				DA37197F1F01F0B200B08FEF /* OneAViewController.h */,
				DA3719801F01F0B200B08FEF /* OneAViewController.m */,
				DA3719811F01F0B200B08FEF /* Oneicon.xcassets */,
				DA3719821F01F0B200B08FEF /* Person.h */,
				DA3719831F01F0B200B08FEF /* Person.m */,
				DA3719841F01F0B200B08FEF /* XcOne.storyboard */,
			);
			path = page;
			sourceTree = "<group>";
		};
		DA37198C1F01F16A00B08FEF /* Source */ = {
			isa = PBXGroup;
			children = (
				DA37198D1F01F16A00B08FEF /* Info.plist */,
			);
			path = Source;
			sourceTree = "<group>";
		};
/* End PBXGroup section */

/* Begin PBXNativeTarget section */
		DA3719701F01EEF600B08FEF /* page */ = {
			isa = PBXNativeTarget;
			buildConfigurationList = DA37197A1F01EEF600B08FEF /* Build configuration list for PBXNativeTarget "page" */;
			buildPhases = (
				DA37196D1F01EEF600B08FEF /* Sources */,
				DA37196E1F01EEF600B08FEF /* Frameworks */,
				DA37196F1F01EEF600B08FEF /* CopyFiles */,
			);
			buildRules = (
			);
			dependencies = (
			);
			name = page;
			productName = page;
			productReference = DA3719711F01EEF600B08FEF /* libpage.a */;
			productType = "com.apple.product-type.library.static";
		};
		DA37198A1F01F16900B08FEF /* Source */ = {
			isa = PBXNativeTarget;
			buildConfigurationList = DA37198E1F01F16A00B08FEF /* Build configuration list for PBXNativeTarget "Source" */;
			buildPhases = (
				DA3719871F01F16900B08FEF /* Sources */,
				DA3719881F01F16900B08FEF /* Frameworks */,
				DA3719891F01F16900B08FEF /* Resources */,
			);
			buildRules = (
			);
			dependencies = (
			);
			name = Source;
			productName = Source;
			productReference = DA37198B1F01F16900B08FEF /* Source.bundle */;
			productType = "com.apple.product-type.bundle";
		};
/* End PBXNativeTarget section */

/* Begin PBXProject section */
		DA3719691F01EEF600B08FEF /* Project object */ = {
			isa = PBXProject;
			attributes = {
				LastUpgradeCheck = 0830;
				ORGANIZATIONNAME = lecochao;
				TargetAttributes = {
					DA3719701F01EEF600B08FEF = {
						CreatedOnToolsVersion = 8.3.3;
						ProvisioningStyle = Automatic;
					};
					DA37198A1F01F16900B08FEF = {
						CreatedOnToolsVersion = 8.3.3;
						ProvisioningStyle = Automatic;
					};
				};
			};
			buildConfigurationList = DA37196C1F01EEF600B08FEF /* Build configuration list for PBXProject "page" */;
			compatibilityVersion = "Xcode 3.2";
			developmentRegion = English;
			hasScannedForEncodings = 0;
			knownRegions = (
				en,
			);
			mainGroup = DA3719681F01EEF600B08FEF;
			productRefGroup = DA3719721F01EEF600B08FEF /* Products */;
			projectDirPath = "";
			projectRoot = "";
			targets = (
				DA3719701F01EEF600B08FEF /* page */,
				DA37198A1F01F16900B08FEF /* Source */,
			);
		};
/* End PBXProject section */

/* Begin PBXResourcesBuildPhase section */
		DA3719891F01F16900B08FEF /* Resources */ = {
			isa = PBXResourcesBuildPhase;
			buildActionMask = 2147483647;
			files = (
				DA3719911F01F2E600B08FEF /* head_icon_1@2x.png in Resources */,
				DA3719921F01F2E600B08FEF /* head_icon_2@2x.png in Resources */,
				DA3719931F01F2E600B08FEF /* Oneicon.xcassets in Resources */,
				DA3719941F01F2E600B08FEF /* XcOne.storyboard in Resources */,
			);
			runOnlyForDeploymentPostprocessing = 0;
		};
/* End PBXResourcesBuildPhase section */

/* Begin PBXSourcesBuildPhase section */
		DA37196D1F01EEF600B08FEF /* Sources */ = {
			isa = PBXSourcesBuildPhase;
			buildActionMask = 2147483647;
			files = (
				DA3719861F01F0B200B08FEF /* Person.m in Sources */,
				DA3719851F01F0B200B08FEF /* OneAViewController.m in Sources */,
			);
			runOnlyForDeploymentPostprocessing = 0;
		};
		DA3719871F01F16900B08FEF /* Sources */ = {
			isa = PBXSourcesBuildPhase;
			buildActionMask = 2147483647;
			files = (
			);
			runOnlyForDeploymentPostprocessing = 0;
		};
/* End PBXSourcesBuildPhase section */

/* Begin XCBuildConfiguration section */
		DA3719781F01EEF600B08FEF /* Debug */ = {
			isa = XCBuildConfiguration;
			buildSettings = {
				ALWAYS_SEARCH_USER_PATHS = NO;
				CLANG_ANALYZER_NONNULL = YES;
				CLANG_ANALYZER_NUMBER_OBJECT_CONVERSION = YES_AGGRESSIVE;
				CLANG_CXX_LANGUAGE_STANDARD = "gnu++0x";
				CLANG_CXX_LIBRARY = "libc++";
				CLANG_ENABLE_MODULES = YES;
				CLANG_ENABLE_OBJC_ARC = YES;
				CLANG_WARN_BOOL_CONVERSION = YES;
				CLANG_WARN_CONSTANT_CONVERSION = YES;
				CLANG_WARN_DIRECT_OBJC_ISA_USAGE = YES_ERROR;
				CLANG_WARN_DOCUMENTATION_COMMENTS = YES;
				CLANG_WARN_EMPTY_BODY = YES;
				CLANG_WARN_ENUM_CONVERSION = YES;
				CLANG_WARN_INFINITE_RECURSION = YES;
				CLANG_WARN_INT_CONVERSION = YES;
				CLANG_WARN_OBJC_ROOT_CLASS = YES_ERROR;
				CLANG_WARN_SUSPICIOUS_MOVE = YES;
				CLANG_WARN_UNREACHABLE_CODE = YES;
				CLANG_WARN__DUPLICATE_METHOD_MATCH = YES;
				"CODE_SIGN_IDENTITY[sdk=iphoneos*]" = "iPhone Developer";
				COPY_PHASE_STRIP = NO;
				DEBUG_INFORMATION_FORMAT = dwarf;
				ENABLE_STRICT_OBJC_MSGSEND = YES;
				ENABLE_TESTABILITY = YES;
				GCC_C_LANGUAGE_STANDARD = gnu99;
				GCC_DYNAMIC_NO_PIC = NO;
				GCC_NO_COMMON_BLOCKS = YES;
				GCC_OPTIMIZATION_LEVEL = 0;
				GCC_PREPROCESSOR_DEFINITIONS = (
					"DEBUG=1",
					"$(inherited)",
				);
				GCC_WARN_64_TO_32_BIT_CONVERSION = YES;
				GCC_WARN_ABOUT_RETURN_TYPE = YES_ERROR;
				GCC_WARN_UNDECLARED_SELECTOR = YES;
				GCC_WARN_UNINITIALIZED_AUTOS = YES_AGGRESSIVE;
				GCC_WARN_UNUSED_FUNCTION = YES;
				GCC_WARN_UNUSED_VARIABLE = YES;
				IPHONEOS_DEPLOYMENT_TARGET = 10.3;
				MTL_ENABLE_DEBUG_INFO = YES;
				ONLY_ACTIVE_ARCH = YES;
				SDKROOT = iphoneos;
			};
			name = Debug;
		};
		DA3719791F01EEF600B08FEF /* Release */ = {
			isa = XCBuildConfiguration;
			buildSettings = {
				ALWAYS_SEARCH_USER_PATHS = NO;
				CLANG_ANALYZER_NONNULL = YES;
				CLANG_ANALYZER_NUMBER_OBJECT_CONVERSION = YES_AGGRESSIVE;
				CLANG_CXX_LANGUAGE_STANDARD = "gnu++0x";
				CLANG_CXX_LIBRARY = "libc++";
				CLANG_ENABLE_MODULES = YES;
				CLANG_ENABLE_OBJC_ARC = YES;
				CLANG_WARN_BOOL_CONVERSION = YES;
				CLANG_WARN_CONSTANT_CONVERSION = YES;
				CLANG_WARN_DIRECT_OBJC_ISA_USAGE = YES_ERROR;
				CLANG_WARN_DOCUMENTATION_COMMENTS = YES;
				CLANG_WARN_EMPTY_BODY = YES;
				CLANG_WARN_ENUM_CONVERSION = YES;
				CLANG_WARN_INFINITE_RECURSION = YES;
				CLANG_WARN_INT_CONVERSION = YES;
				CLANG_WARN_OBJC_ROOT_CLASS = YES_ERROR;
				CLANG_WARN_SUSPICIOUS_MOVE = YES;
				CLANG_WARN_UNREACHABLE_CODE = YES;
				CLANG_WARN__DUPLICATE_METHOD_MATCH = YES;
				"CODE_SIGN_IDENTITY[sdk=iphoneos*]" = "iPhone Developer";
				COPY_PHASE_STRIP = NO;
				DEBUG_INFORMATION_FORMAT = "dwarf-with-dsym";
				ENABLE_NS_ASSERTIONS = NO;
				ENABLE_STRICT_OBJC_MSGSEND = YES;
				GCC_C_LANGUAGE_STANDARD = gnu99;
				GCC_NO_COMMON_BLOCKS = YES;
				GCC_WARN_64_TO_32_BIT_CONVERSION = YES;
				GCC_WARN_ABOUT_RETURN_TYPE = YES_ERROR;
				GCC_WARN_UNDECLARED_SELECTOR = YES;
				GCC_WARN_UNINITIALIZED_AUTOS = YES_AGGRESSIVE;
				GCC_WARN_UNUSED_FUNCTION = YES;
				GCC_WARN_UNUSED_VARIABLE = YES;
				IPHONEOS_DEPLOYMENT_TARGET = 10.3;
				MTL_ENABLE_DEBUG_INFO = NO;
				SDKROOT = iphoneos;
				VALIDATE_PRODUCT = YES;
			};
			name = Release;
		};
		DA37197B1F01EEF600B08FEF /* Debug */ = {
			isa = XCBuildConfiguration;
			buildSettings = {
				OTHER_LDFLAGS = "-ObjC";
				PRODUCT_NAME = "$(TARGET_NAME)";
				SKIP_INSTALL = YES;
			};
			name = Debug;
		};
		DA37197C1F01EEF600B08FEF /* Release */ = {
			isa = XCBuildConfiguration;
			buildSettings = {
				OTHER_LDFLAGS = "-ObjC";
				PRODUCT_NAME = "$(TARGET_NAME)";
				SKIP_INSTALL = YES;
			};
			name = Release;
		};
		DA37198F1F01F16A00B08FEF /* Debug */ = {
			isa = XCBuildConfiguration;
			buildSettings = {
				CODE_SIGN_IDENTITY = "-";
				COMBINE_HIDPI_IMAGES = YES;
				INFOPLIST_FILE = Source/Info.plist;
				INSTALL_PATH = "$(LOCAL_LIBRARY_DIR)/Bundles";
				MACOSX_DEPLOYMENT_TARGET = 10.12;
				PRODUCT_BUNDLE_IDENTIFIER = com.Sphchina.Source;
				PRODUCT_NAME = "$(TARGET_NAME)";
				SDKROOT = iphoneos10.3;
				SKIP_INSTALL = YES;
				WRAPPER_EXTENSION = bundle;
			};
			name = Debug;
		};
		DA3719901F01F16A00B08FEF /* Release */ = {
			isa = XCBuildConfiguration;
			buildSettings = {
				CODE_SIGN_IDENTITY = "-";
				COMBINE_HIDPI_IMAGES = YES;
				INFOPLIST_FILE = Source/Info.plist;
				INSTALL_PATH = "$(LOCAL_LIBRARY_DIR)/Bundles";
				MACOSX_DEPLOYMENT_TARGET = 10.12;
				PRODUCT_BUNDLE_IDENTIFIER = com.Sphchina.Source;
				PRODUCT_NAME = "$(TARGET_NAME)";
				SDKROOT = iphoneos10.3;
				SKIP_INSTALL = YES;
				WRAPPER_EXTENSION = bundle;
			};
			name = Release;
		};
/* End XCBuildConfiguration section */

/* Begin XCConfigurationList section */
		DA37196C1F01EEF600B08FEF /* Build configuration list for PBXProject "page" */ = {
			isa = XCConfigurationList;
			buildConfigurations = (
				DA3719781F01EEF600B08FEF /* Debug */,
				DA3719791F01EEF600B08FEF /* Release */,
			);
			defaultConfigurationIsVisible = 0;
			defaultConfigurationName = Release;
		};
		DA37197A1F01EEF600B08FEF /* Build configuration list for PBXNativeTarget "page" */ = {
			isa = XCConfigurationList;
			buildConfigurations = (
				DA37197B1F01EEF600B08FEF /* Debug */,
				DA37197C1F01EEF600B08FEF /* Release */,
			);
			defaultConfigurationIsVisible = 0;
			defaultConfigurationName = Release;
		};
		DA37198E1F01F16A00B08FEF /* Build configuration list for PBXNativeTarget "Source" */ = {
			isa = XCConfigurationList;
			buildConfigurations = (
				DA37198F1F01F16A00B08FEF /* Debug */,
				DA3719901F01F16A00B08FEF /* Release */,
			);
			defaultConfigurationIsVisible = 0;
		};
/* End XCConfigurationList section */
	};
	rootObject = DA3719691F01EEF600B08FEF /* Project object */;
}
